# This file is automatically @generated by Poetry 1.7.1 and should not be changed by hand.

[[package]]
name = "cson"
version = "0.8"
description = "A parser for Coffeescript Object Notation (CSON)"
optional = false
python-versions = "*"
files = [
    {file = "cson-0.8-py2.py3-none-any.whl", hash = "sha256:163a18fccbb5bd0911d20f0ef5876ce5a08057b05ba212571579578f292ed100"},
    {file = "cson-0.8.tar.gz", hash = "sha256:ee8c0166fcd1f51789887197e3e8354ac7befa396fc29706bceb5af25edc9e01"},
]

[package.dependencies]
speg = "*"

[[package]]
name = "speg"
version = "0.3"
description = "A PEG-based parser interpreter with memoization"
optional = false
python-versions = "*"
files = [
    {file = "speg-0.3.zip", hash = "sha256:10cbef47e168dfc62f14db575cf1c428037a2b881cee6c3cfceda0439c243e71"},
]

[metadata]
lock-version = "2.0"
python-versions = "^3.8"
content-hash = "f3c56c00b16ddd120f33fadbe85d2de79323a870615000d2c68eb52e43a4921a"
